
Microsoft Visual Studio Solution File, Format Version 12.00
# Visual Studio Version 18
VisualStudioVersion = 18.1.11312.151 d18.0
MinimumVisualStudioVersion = 10.0.40219.1
Project("{2150E333-8FDC-42A3-9474-1A3956D46DE8}") = "Application", "Application", "{708206B4-8978-4828-B7E1-0424CCAC8A8F}"
EndProject
Project("{2150E333-8FDC-42A3-9474-1A3956D46DE8}") = "Infrastructure", "Infrastructure", "{B18F36E4-D6CF-4F5A-A24D-7DDD1F0865C6}"
EndProject
Project("{2150E333-8FDC-42A3-9474-1A3956D46DE8}") = "Domain", "Domain", "{F39AC8CB-DC49-4BFA-97E8-BE3B53E6064A}"
EndProject
Project("{2150E333-8FDC-42A3-9474-1A3956D46DE8}") = "Presentation", "Presentation", "{9FDCB28D-B268-4466-98F2-E2506FF7AD94}"
EndProject
Project("{9A19103F-16F7-4668-BE54-9A1E7A4F7556}") = "MEC.AssetManagementUI", "MEC.AssetManagementUI\MEC.AssetManagementUI.csproj", "{B2F02F6F-A70C-4F85-9A98-DA6B76178C15}"
EndProject
Project("{9A19103F-16F7-4668-BE54-9A1E7A4F7556}") = "MEC.Application", "MEC.Application\MEC.Application.csproj", "{202E175C-B494-4DD8-8405-811DAB5AB9FD}"
EndProject
Project("{9A19103F-16F7-4668-BE54-9A1E7A4F7556}") = "MEC.Application.Abstractions", "MEC.Application.Abstractions\MEC.Application.Abstractions.csproj", "{FDC0D21F-732B-4E93-820B-458C5C9BB81A}"
EndProject
Project("{9A19103F-16F7-4668-BE54-9A1E7A4F7556}") = "MEC.Domain", "MEC.Domain\MEC.Domain.csproj", "{AB96F419-F408-42A7-8F9A-B860384C508E}"
EndProject
Project("{9A19103F-16F7-4668-BE54-9A1E7A4F7556}") = "MEC.DAL", "MEC.DAL\MEC.DAL.csproj", "{CD45F42B-FFEE-46FF-B5E3-76904D8FEB2B}"
EndProject
Project("{FAE04EC0-301F-11D3-BF4B-00C04F79EFBC}") = "MEC.WebAPI", "MEC.WebAPI\MEC.WebAPI.csproj", "{6CA1540C-775E-44B3-988F-D7F5EF659618}"
EndProject
Global
	GlobalSection(SolutionConfigurationPlatforms) = preSolution
		Debug|Any CPU = Debug|Any CPU
		Release|Any CPU = Release|Any CPU
	EndGlobalSection
	GlobalSection(ProjectConfigurationPlatforms) = postSolution
		{B2F02F6F-A70C-4F85-9A98-DA6B76178C15}.Debug|Any CPU.ActiveCfg = Debug|Any CPU
		{B2F02F6F-A70C-4F85-9A98-DA6B76178C15}.Debug|Any CPU.Build.0 = Debug|Any CPU
		{B2F02F6F-A70C-4F85-9A98-DA6B76178C15}.Release|Any CPU.ActiveCfg = Release|Any CPU
		{B2F02F6F-A70C-4F85-9A98-DA6B76178C15}.Release|Any CPU.Build.0 = Release|Any CPU
		{202E175C-B494-4DD8-8405-811DAB5AB9FD}.Debug|Any CPU.ActiveCfg = Debug|Any CPU
		{202E175C-B494-4DD8-8405-811DAB5AB9FD}.Debug|Any CPU.Build.0 = Debug|Any CPU
		{202E175C-B494-4DD8-8405-811DAB5AB9FD}.Release|Any CPU.ActiveCfg = Release|Any CPU
		{202E175C-B494-4DD8-8405-811DAB5AB9FD}.Release|Any CPU.Build.0 = Release|Any CPU
		{FDC0D21F-732B-4E93-820B-458C5C9BB81A}.Debug|Any CPU.ActiveCfg = Debug|Any CPU
		{FDC0D21F-732B-4E93-820B-458C5C9BB81A}.Debug|Any CPU.Build.0 = Debug|Any CPU
		{FDC0D21F-732B-4E93-820B-458C5C9BB81A}.Release|Any CPU.ActiveCfg = Release|Any CPU
		{FDC0D21F-732B-4E93-820B-458C5C9BB81A}.Release|Any CPU.Build.0 = Release|Any CPU
		{AB96F419-F408-42A7-8F9A-B860384C508E}.Debug|Any CPU.ActiveCfg = Debug|Any CPU
		{AB96F419-F408-42A7-8F9A-B860384C508E}.Debug|Any CPU.Build.0 = Debug|Any CPU
		{AB96F419-F408-42A7-8F9A-B860384C508E}.Release|Any CPU.ActiveCfg = Release|Any CPU
		{AB96F419-F408-42A7-8F9A-B860384C508E}.Release|Any CPU.Build.0 = Release|Any CPU
		{CD45F42B-FFEE-46FF-B5E3-76904D8FEB2B}.Debug|Any CPU.ActiveCfg = Debug|Any CPU
		{CD45F42B-FFEE-46FF-B5E3-76904D8FEB2B}.Debug|Any CPU.Build.0 = Debug|Any CPU
		{CD45F42B-FFEE-46FF-B5E3-76904D8FEB2B}.Release|Any CPU.ActiveCfg = Release|Any CPU
		{CD45F42B-FFEE-46FF-B5E3-76904D8FEB2B}.Release|Any CPU.Build.0 = Release|Any CPU
		{6CA1540C-775E-44B3-988F-D7F5EF659618}.Debug|Any CPU.ActiveCfg = Debug|Any CPU
		{6CA1540C-775E-44B3-988F-D7F5EF659618}.Debug|Any CPU.Build.0 = Debug|Any CPU
		{6CA1540C-775E-44B3-988F-D7F5EF659618}.Release|Any CPU.ActiveCfg = Release|Any CPU
		{6CA1540C-775E-44B3-988F-D7F5EF659618}.Release|Any CPU.Build.0 = Release|Any CPU
	EndGlobalSection
	GlobalSection(SolutionProperties) = preSolution
		HideSolutionNode = FALSE
	EndGlobalSection
	GlobalSection(NestedProjects) = preSolution
		{B2F02F6F-A70C-4F85-9A98-DA6B76178C15} = {9FDCB28D-B268-4466-98F2-E2506FF7AD94}
		{202E175C-B494-4DD8-8405-811DAB5AB9FD} = {708206B4-8978-4828-B7E1-0424CCAC8A8F}
		{FDC0D21F-732B-4E93-820B-458C5C9BB81A} = {708206B4-8978-4828-B7E1-0424CCAC8A8F}
		{AB96F419-F408-42A7-8F9A-B860384C508E} = {F39AC8CB-DC49-4BFA-97E8-BE3B53E6064A}
		{CD45F42B-FFEE-46FF-B5E3-76904D8FEB2B} = {B18F36E4-D6CF-4F5A-A24D-7DDD1F0865C6}
		{6CA1540C-775E-44B3-988F-D7F5EF659618} = {9FDCB28D-B268-4466-98F2-E2506FF7AD94}
	EndGlobalSection
	GlobalSection(ExtensibilityGlobals) = postSolution
		SolutionGuid = {15C3AB75-C279-4B40-A1D2-168BEAFE9D80}
	EndGlobalSection
EndGlobal
